
Microsoft Visual Studio Solution File, Format Version 12.00
# Visual Studio Version 16
VisualStudioVersion = 16.0.31624.102
MinimumVisualStudioVersion = 10.0.40219.1
Project("{FAE04EC0-301F-11D3-BF4B-00C04F79EFBC}") = "rest_api_udemy", "rest_api_udemy\rest_api_udemy.csproj", "{9271B741-8E77-45DA-93C0-9DFE92654757}"
EndProject
Global
	GlobalSection(SolutionConfigurationPlatforms) = preSolution
		Debug|Any CPU = Debug|Any CPU
		Release|Any CPU = Release|Any CPU
	EndGlobalSection
	GlobalSection(ProjectConfigurationPlatforms) = postSolution
		{9271B741-8E77-45DA-93C0-9DFE92654757}.Debug|Any CPU.ActiveCfg = Debug|Any CPU
		{9271B741-8E77-45DA-93C0-9DFE92654757}.Debug|Any CPU.Build.0 = Debug|Any CPU
		{9271B741-8E77-45DA-93C0-9DFE92654757}.Release|Any CPU.ActiveCfg = Release|Any CPU
		{9271B741-8E77-45DA-93C0-9DFE92654757}.Release|Any CPU.Build.0 = Release|Any CPU
	EndGlobalSection
	GlobalSection(SolutionProperties) = preSolution
		HideSolutionNode = FALSE
	EndGlobalSection
	GlobalSection(ExtensibilityGlobals) = postSolution
		SolutionGuid = {5629AFED-83DA-49F1-A9AC-C143E6D8FA2F}
	EndGlobalSection
EndGlobal
